{
  "nodes": {
    "nixCats": {
      "locked": {
        "lastModified": 1770584904,
        "narHash": "sha256-9Zaz8lbKF2W9pwXZEnbiGsicHdBoU+dHt3Wv3mCJoZ8=",
        "owner": "BirdeeHub",
        "repo": "nixCats-nvim",
        "rev": "538fdde784d2909700d97a8ef307783b33a86fb1",
        "type": "github"
      },
      "original": {
        "owner": "BirdeeHub",
        "repo": "nixCats-nvim",
        "type": "github"
      }
    },
    "nixpkgs": {
      "locked": {
        "lastModified": 1772773019,
        "narHash": "sha256-E1bxHxNKfDoQUuvriG71+f+s/NT0qWkImXsYZNFFfCs=",
        "owner": "nixos",
        "repo": "nixpkgs",
        "rev": "aca4d95fce4914b3892661bcb80b8087293536c6",
        "type": "github"
      },
      "original": {
        "owner": "nixos",
        "ref": "nixos-unstable",
        "repo": "nixpkgs",
        "type": "github"
      }
    },
    "plugins-chezmoi-nvim": {
      "flake": false,
      "locked": {
        "lastModified": 1763534202,
        "narHash": "sha256-9tOjOQJNCiaFWx554MHENOuezVXwQCcSc59Tq0W9jd8=",
        "owner": "xvzc",
        "repo": "chezmoi.nvim",
        "rev": "ad26a6c4f5be0c348612518fcb1b7116649e026f",
        "type": "github"
      },
      "original": {
        "owner": "xvzc",
        "ref": "main",
        "repo": "chezmoi.nvim",
        "type": "github"
      }
    },
    "plugins-sqls-nvim": {
      "flake": false,
      "locked": {
        "lastModified": 1756851335,
        "narHash": "sha256-PLt4SjPBgTtxAghwffsNICQ0b5AQRrdCrZ7tEHccXIc=",
        "owner": "nanotee",
        "repo": "sqls.nvim",
        "rev": "bfb7b4090268f6163c408577070da4cc9d7450fd",
        "type": "github"
      },
      "original": {
        "owner": "nanotee",
        "ref": "main",
        "repo": "sqls.nvim",
        "type": "github"
      }
    },
    "plugins-treesitter-textobjects": {
      "flake": false,
      "locked": {
        "lastModified": 1772962693,
        "narHash": "sha256-n+GX7w+W3D3xj2+3Zr+89E7RUqBgWU14BlQrGXztoH0=",
        "owner": "nvim-treesitter",
        "repo": "nvim-treesitter-textobjects",
        "rev": "4e91b5d0394329a229725b021a8ea217099826ef",
        "type": "github"
      },
      "original": {
        "owner": "nvim-treesitter",
        "ref": "main",
        "repo": "nvim-treesitter-textobjects",
        "type": "github"
      }
    },
    "root": {
      "inputs": {
        "nixCats": "nixCats",
        "nixpkgs": "nixpkgs",
        "plugins-chezmoi-nvim": "plugins-chezmoi-nvim",
        "plugins-sqls-nvim": "plugins-sqls-nvim",
        "plugins-treesitter-textobjects": "plugins-treesitter-textobjects"
      }
    }
  },
  "root": "root",
  "version": 7
}
